
Microsoft Visual Studio Solution File, Format Version 12.00
# Visual Studio Version 16
VisualStudioVersion = 16.0.29806.167
MinimumVisualStudioVersion = 10.0.40219.1
Project("{9A19103F-16F7-4668-BE54-9A1E7A4F7556}") = "BrightCare.Web.Api", "BrightCare.Web.Api\BrightCare.Web.Api.csproj", "{75BA547B-CD58-4E3E-AD7F-E9833D184100}"
EndProject
Project("{2150E333-8FDC-42A3-9474-1A3956D46DE8}") = "Presentation", "Presentation", "{16956059-5EEB-47B0-B840-F4FFA46061FA}"
EndProject
Project("{2150E333-8FDC-42A3-9474-1A3956D46DE8}") = "Infrastructure", "Infrastructure", "{9A7CC235-9260-4CD0-A5F0-002AFEAA75CE}"
EndProject
Project("{2150E333-8FDC-42A3-9474-1A3956D46DE8}") = "ApplicationBusiness", "ApplicationBusiness", "{09AE981A-EB20-4CA2-9C2D-32A2E7875848}"
EndProject
Project("{2150E333-8FDC-42A3-9474-1A3956D46DE8}") = "Core", "Core", "{33333BAA-0B00-4B34-BD72-246C94C56AF9}"
EndProject
Project("{9A19103F-16F7-4668-BE54-9A1E7A4F7556}") = "BrightCare.Entity", "BrightCare.Entity\BrightCare.Entity.csproj", "{7EC5D59B-3D25-4548-AABB-372E300EC2B8}"
EndProject
Project("{9A19103F-16F7-4668-BE54-9A1E7A4F7556}") = "BrightCare.Repository", "BrightCare.Repository\BrightCare.Repository.csproj", "{9E548D1B-D1CB-4E07-9D98-8683B01F9E9B}"
EndProject
Project("{9A19103F-16F7-4668-BE54-9A1E7A4F7556}") = "BrightCare.Persistence", "BrightCare.Persistence\BrightCare.Persistence.csproj", "{F63A6546-D777-426C-B796-F2626A161D62}"
EndProject
Project("{9A19103F-16F7-4668-BE54-9A1E7A4F7556}") = "BrightCare.Repository.Interface", "BrightCare.Repository.Interface\BrightCare.Repository.Interface.csproj", "{41DB765C-E06A-4376-9145-B4A400B9D310}"
EndProject
Project("{9A19103F-16F7-4668-BE54-9A1E7A4F7556}") = "BrightCare.Service", "BrightCare.Service\BrightCare.Service.csproj", "{CD7A5EC4-8A0F-47AC-A3C3-6A8A9B773D79}"
EndProject
Project("{9A19103F-16F7-4668-BE54-9A1E7A4F7556}") = "BrightCare.Service.Interface", "BrightCare.Service.Interface\BrightCare.Service.Interface.csproj", "{558AAAF6-BCFD-44C4-AAE4-FFEFF3BD2BC6}"
EndProject
Project("{9A19103F-16F7-4668-BE54-9A1E7A4F7556}") = "BrightCare.Dtos", "BrightCare.Dtos\BrightCare.Dtos.csproj", "{3094DF96-664D-449D-B13D-7866163110FC}"
EndProject
Project("{2150E333-8FDC-42A3-9474-1A3956D46DE8}") = "Domain", "Domain", "{4E66E913-7ED5-433E-BA54-A240FFE532FF}"
EndProject
Project("{2150E333-8FDC-42A3-9474-1A3956D46DE8}") = "Interface", "Interface", "{E3F06BE8-22F9-42FC-92E6-B511B6F603D1}"
EndProject
Project("{9A19103F-16F7-4668-BE54-9A1E7A4F7556}") = "BrightCare.ThirdPartyServices", "BrightCare.ThirdPartyServices\BrightCare.ThirdPartyServices.csproj", "{5B5B7ADA-7E3A-4228-8134-BC8E8A7935CB}"
EndProject
Project("{9A19103F-16F7-4668-BE54-9A1E7A4F7556}") = "BrightCare.ThirdPartyService.Interface", "BrightCare.ThirdPartyService.Interface\BrightCare.ThirdPartyService.Interface.csproj", "{03B00B48-46B4-4BE8-8D07-1D2331A73318}"
EndProject
Project("{2150E333-8FDC-42A3-9474-1A3956D46DE8}") = "Infrastructure", "Infrastructure", "{6516BCFA-395D-4FEF-9ECC-0D7717EF3928}"
EndProject
Project("{9A19103F-16F7-4668-BE54-9A1E7A4F7556}") = "BrightCare.Persistence.Interface", "BrightCare.Persistence.Interface\BrightCare.Persistence.Interface.csproj", "{EEAB6A39-608C-4353-BE7D-64FCB233BF04}"
EndProject
Project("{2150E333-8FDC-42A3-9474-1A3956D46DE8}") = "Business", "Business", "{7422A209-F8F4-4364-ABA2-0AAA80BB6C13}"
EndProject
Project("{2150E333-8FDC-42A3-9474-1A3956D46DE8}") = "Interface", "Interface", "{9BEE5A1D-4A22-4608-A6F8-F0E5B789350D}"
EndProject
Project("{2150E333-8FDC-42A3-9474-1A3956D46DE8}") = "Dtos", "Dtos", "{8D61D344-6082-4D72-AF64-C6B4BB96A726}"
EndProject
Project("{2150E333-8FDC-42A3-9474-1A3956D46DE8}") = "Common", "Common", "{00DC6B00-EEC9-42B8-BB95-8B924A7DFFD9}"
EndProject
Project("{FAE04EC0-301F-11D3-BF4B-00C04F79EFBC}") = "BrightCare.Common", "BrightCare.Common\BrightCare.Common.csproj", "{5FFD5A45-D76D-48E0-B986-4D68495E8D70}"
EndProject
Global
	GlobalSection(SolutionConfigurationPlatforms) = preSolution
		Debug|Any CPU = Debug|Any CPU
		Release|Any CPU = Release|Any CPU
	EndGlobalSection
	GlobalSection(ProjectConfigurationPlatforms) = postSolution
		{75BA547B-CD58-4E3E-AD7F-E9833D184100}.Debug|Any CPU.ActiveCfg = Debug|Any CPU
		{75BA547B-CD58-4E3E-AD7F-E9833D184100}.Debug|Any CPU.Build.0 = Debug|Any CPU
		{75BA547B-CD58-4E3E-AD7F-E9833D184100}.Release|Any CPU.ActiveCfg = Release|Any CPU
		{75BA547B-CD58-4E3E-AD7F-E9833D184100}.Release|Any CPU.Build.0 = Release|Any CPU
		{7EC5D59B-3D25-4548-AABB-372E300EC2B8}.Debug|Any CPU.ActiveCfg = Debug|Any CPU
		{7EC5D59B-3D25-4548-AABB-372E300EC2B8}.Debug|Any CPU.Build.0 = Debug|Any CPU
		{7EC5D59B-3D25-4548-AABB-372E300EC2B8}.Release|Any CPU.ActiveCfg = Release|Any CPU
		{7EC5D59B-3D25-4548-AABB-372E300EC2B8}.Release|Any CPU.Build.0 = Release|Any CPU
		{9E548D1B-D1CB-4E07-9D98-8683B01F9E9B}.Debug|Any CPU.ActiveCfg = Debug|Any CPU
		{9E548D1B-D1CB-4E07-9D98-8683B01F9E9B}.Debug|Any CPU.Build.0 = Debug|Any CPU
		{9E548D1B-D1CB-4E07-9D98-8683B01F9E9B}.Release|Any CPU.ActiveCfg = Release|Any CPU
		{9E548D1B-D1CB-4E07-9D98-8683B01F9E9B}.Release|Any CPU.Build.0 = Release|Any CPU
		{F63A6546-D777-426C-B796-F2626A161D62}.Debug|Any CPU.ActiveCfg = Debug|Any CPU
		{F63A6546-D777-426C-B796-F2626A161D62}.Debug|Any CPU.Build.0 = Debug|Any CPU
		{F63A6546-D777-426C-B796-F2626A161D62}.Release|Any CPU.ActiveCfg = Release|Any CPU
		{F63A6546-D777-426C-B796-F2626A161D62}.Release|Any CPU.Build.0 = Release|Any CPU
		{41DB765C-E06A-4376-9145-B4A400B9D310}.Debug|Any CPU.ActiveCfg = Debug|Any CPU
		{41DB765C-E06A-4376-9145-B4A400B9D310}.Debug|Any CPU.Build.0 = Debug|Any CPU
		{41DB765C-E06A-4376-9145-B4A400B9D310}.Release|Any CPU.ActiveCfg = Release|Any CPU
		{41DB765C-E06A-4376-9145-B4A400B9D310}.Release|Any CPU.Build.0 = Release|Any CPU
		{CD7A5EC4-8A0F-47AC-A3C3-6A8A9B773D79}.Debug|Any CPU.ActiveCfg = Debug|Any CPU
		{CD7A5EC4-8A0F-47AC-A3C3-6A8A9B773D79}.Debug|Any CPU.Build.0 = Debug|Any CPU
		{CD7A5EC4-8A0F-47AC-A3C3-6A8A9B773D79}.Release|Any CPU.ActiveCfg = Release|Any CPU
		{CD7A5EC4-8A0F-47AC-A3C3-6A8A9B773D79}.Release|Any CPU.Build.0 = Release|Any CPU
		{558AAAF6-BCFD-44C4-AAE4-FFEFF3BD2BC6}.Debug|Any CPU.ActiveCfg = Debug|Any CPU
		{558AAAF6-BCFD-44C4-AAE4-FFEFF3BD2BC6}.Debug|Any CPU.Build.0 = Debug|Any CPU
		{558AAAF6-BCFD-44C4-AAE4-FFEFF3BD2BC6}.Release|Any CPU.ActiveCfg = Release|Any CPU
		{558AAAF6-BCFD-44C4-AAE4-FFEFF3BD2BC6}.Release|Any CPU.Build.0 = Release|Any CPU
		{3094DF96-664D-449D-B13D-7866163110FC}.Debug|Any CPU.ActiveCfg = Debug|Any CPU
		{3094DF96-664D-449D-B13D-7866163110FC}.Debug|Any CPU.Build.0 = Debug|Any CPU
		{3094DF96-664D-449D-B13D-7866163110FC}.Release|Any CPU.ActiveCfg = Release|Any CPU
		{3094DF96-664D-449D-B13D-7866163110FC}.Release|Any CPU.Build.0 = Release|Any CPU
		{5B5B7ADA-7E3A-4228-8134-BC8E8A7935CB}.Debug|Any CPU.ActiveCfg = Debug|Any CPU
		{5B5B7ADA-7E3A-4228-8134-BC8E8A7935CB}.Debug|Any CPU.Build.0 = Debug|Any CPU
		{5B5B7ADA-7E3A-4228-8134-BC8E8A7935CB}.Release|Any CPU.ActiveCfg = Release|Any CPU
		{5B5B7ADA-7E3A-4228-8134-BC8E8A7935CB}.Release|Any CPU.Build.0 = Release|Any CPU
		{03B00B48-46B4-4BE8-8D07-1D2331A73318}.Debug|Any CPU.ActiveCfg = Debug|Any CPU
		{03B00B48-46B4-4BE8-8D07-1D2331A73318}.Debug|Any CPU.Build.0 = Debug|Any CPU
		{03B00B48-46B4-4BE8-8D07-1D2331A73318}.Release|Any CPU.ActiveCfg = Release|Any CPU
		{03B00B48-46B4-4BE8-8D07-1D2331A73318}.Release|Any CPU.Build.0 = Release|Any CPU
		{EEAB6A39-608C-4353-BE7D-64FCB233BF04}.Debug|Any CPU.ActiveCfg = Debug|Any CPU
		{EEAB6A39-608C-4353-BE7D-64FCB233BF04}.Debug|Any CPU.Build.0 = Debug|Any CPU
		{EEAB6A39-608C-4353-BE7D-64FCB233BF04}.Release|Any CPU.ActiveCfg = Release|Any CPU
		{EEAB6A39-608C-4353-BE7D-64FCB233BF04}.Release|Any CPU.Build.0 = Release|Any CPU
		{5FFD5A45-D76D-48E0-B986-4D68495E8D70}.Debug|Any CPU.ActiveCfg = Debug|Any CPU
		{5FFD5A45-D76D-48E0-B986-4D68495E8D70}.Debug|Any CPU.Build.0 = Debug|Any CPU
		{5FFD5A45-D76D-48E0-B986-4D68495E8D70}.Release|Any CPU.ActiveCfg = Release|Any CPU
		{5FFD5A45-D76D-48E0-B986-4D68495E8D70}.Release|Any CPU.Build.0 = Release|Any CPU
	EndGlobalSection
	GlobalSection(SolutionProperties) = preSolution
		HideSolutionNode = FALSE
	EndGlobalSection
	GlobalSection(NestedProjects) = preSolution
		{75BA547B-CD58-4E3E-AD7F-E9833D184100} = {16956059-5EEB-47B0-B840-F4FFA46061FA}
		{7EC5D59B-3D25-4548-AABB-372E300EC2B8} = {4E66E913-7ED5-433E-BA54-A240FFE532FF}
		{9E548D1B-D1CB-4E07-9D98-8683B01F9E9B} = {9A7CC235-9260-4CD0-A5F0-002AFEAA75CE}
		{F63A6546-D777-426C-B796-F2626A161D62} = {9A7CC235-9260-4CD0-A5F0-002AFEAA75CE}
		{41DB765C-E06A-4376-9145-B4A400B9D310} = {E3F06BE8-22F9-42FC-92E6-B511B6F603D1}
		{CD7A5EC4-8A0F-47AC-A3C3-6A8A9B773D79} = {09AE981A-EB20-4CA2-9C2D-32A2E7875848}
		{558AAAF6-BCFD-44C4-AAE4-FFEFF3BD2BC6} = {9BEE5A1D-4A22-4608-A6F8-F0E5B789350D}
		{3094DF96-664D-449D-B13D-7866163110FC} = {8D61D344-6082-4D72-AF64-C6B4BB96A726}
		{4E66E913-7ED5-433E-BA54-A240FFE532FF} = {33333BAA-0B00-4B34-BD72-246C94C56AF9}
		{E3F06BE8-22F9-42FC-92E6-B511B6F603D1} = {6516BCFA-395D-4FEF-9ECC-0D7717EF3928}
		{5B5B7ADA-7E3A-4228-8134-BC8E8A7935CB} = {9A7CC235-9260-4CD0-A5F0-002AFEAA75CE}
		{03B00B48-46B4-4BE8-8D07-1D2331A73318} = {E3F06BE8-22F9-42FC-92E6-B511B6F603D1}
		{6516BCFA-395D-4FEF-9ECC-0D7717EF3928} = {33333BAA-0B00-4B34-BD72-246C94C56AF9}
		{EEAB6A39-608C-4353-BE7D-64FCB233BF04} = {E3F06BE8-22F9-42FC-92E6-B511B6F603D1}
		{7422A209-F8F4-4364-ABA2-0AAA80BB6C13} = {33333BAA-0B00-4B34-BD72-246C94C56AF9}
		{9BEE5A1D-4A22-4608-A6F8-F0E5B789350D} = {7422A209-F8F4-4364-ABA2-0AAA80BB6C13}
		{8D61D344-6082-4D72-AF64-C6B4BB96A726} = {7422A209-F8F4-4364-ABA2-0AAA80BB6C13}
		{00DC6B00-EEC9-42B8-BB95-8B924A7DFFD9} = {33333BAA-0B00-4B34-BD72-246C94C56AF9}
		{5FFD5A45-D76D-48E0-B986-4D68495E8D70} = {00DC6B00-EEC9-42B8-BB95-8B924A7DFFD9}
	EndGlobalSection
	GlobalSection(ExtensibilityGlobals) = postSolution
		SolutionGuid = {8E4FBFA4-6C1C-46B4-A2B1-BC578DA8B6D5}
	EndGlobalSection
EndGlobal
